
Microsoft Visual Studio Solution File, Format Version 12.00
# Visual Studio Version 16
VisualStudioVersion = 16.0.29001.49
MinimumVisualStudioVersion = 10.0.40219.1
Project("{FAE04EC0-301F-11D3-BF4B-00C04F79EFBC}") = "JassToCsMain", "JassToCsMain\JassToCsMain.csproj", "{E41DBF6D-590B-45B0-8DB4-8C43C53C69F0}"
EndProject
Project("{FAE04EC0-301F-11D3-BF4B-00C04F79EFBC}") = "FourccToNumber", "FourccToNumber\FourccToNumber.csproj", "{2E2BA5A5-75B7-4034-9A27-0F1BE02BAE7B}"
EndProject
Project("{2150E333-8FDC-42A3-9474-1A3956D46DE8}") = "SolutionFolder", "SolutionFolder", "{617845BB-B960-427E-B98A-6125F83B52FB}"
	ProjectSection(SolutionItems) = preProject
		.gitignore = .gitignore
	EndProjectSection
EndProject
Global
	GlobalSection(SolutionConfigurationPlatforms) = preSolution
		Debug|Any CPU = Debug|Any CPU
		Release|Any CPU = Release|Any CPU
	EndGlobalSection
	GlobalSection(ProjectConfigurationPlatforms) = postSolution
		{E41DBF6D-590B-45B0-8DB4-8C43C53C69F0}.Debug|Any CPU.ActiveCfg = Debug|Any CPU
		{E41DBF6D-590B-45B0-8DB4-8C43C53C69F0}.Debug|Any CPU.Build.0 = Debug|Any CPU
		{E41DBF6D-590B-45B0-8DB4-8C43C53C69F0}.Release|Any CPU.ActiveCfg = Release|Any CPU
		{E41DBF6D-590B-45B0-8DB4-8C43C53C69F0}.Release|Any CPU.Build.0 = Release|Any CPU
		{2E2BA5A5-75B7-4034-9A27-0F1BE02BAE7B}.Debug|Any CPU.ActiveCfg = Debug|Any CPU
		{2E2BA5A5-75B7-4034-9A27-0F1BE02BAE7B}.Debug|Any CPU.Build.0 = Debug|Any CPU
		{2E2BA5A5-75B7-4034-9A27-0F1BE02BAE7B}.Release|Any CPU.ActiveCfg = Release|Any CPU
		{2E2BA5A5-75B7-4034-9A27-0F1BE02BAE7B}.Release|Any CPU.Build.0 = Release|Any CPU
	EndGlobalSection
	GlobalSection(SolutionProperties) = preSolution
		HideSolutionNode = FALSE
	EndGlobalSection
	GlobalSection(ExtensibilityGlobals) = postSolution
		SolutionGuid = {98765631-7B35-495B-8248-3FA15B9E7598}
	EndGlobalSection
EndGlobal
