{
  "name": "jass_to_js_parser",
  "version": "1.0.0",
  "lockfileVersion": 2,
  "requires": true,
  "packages": {
    "": {
      "name": "jass_to_js_parser",
      "version": "1.0.0",
      "license": "ISC",
      "dependencies": {
        "wc3maptranslator": "^4.0.4"
      }
    },
    "node_modules/ieee754": {
      "version": "1.2.1",
      "resolved": "https://registry.npmjs.org/ieee754/-/ieee754-1.2.1.tgz",
      "integrity": "sha512-dcyqhDvX1C46lXZcVqCpK+FtMRQVdIMN6/Df5js2zouUsqG7I6sFxitIC+7KYK29KdXOLHdu9zL4sFnoVQnqaA==",
      "funding": [
        {
          "type": "github",
          "url": "https://github.com/sponsors/feross"
        },
        {
          "type": "patreon",
          "url": "https://www.patreon.com/feross"
        },
        {
          "type": "consulting",
          "url": "https://feross.org/support"
        }
      ]
    },
    "node_modules/intn": {
      "version": "1.0.0",
      "resolved": "https://registry.npmjs.org/intn/-/intn-1.0.0.tgz",
      "integrity": "sha512-WgMxnQbXgOPWOiziVOhfw6TWy0EgplCszIzhZoRwGhegkZNTaG9LOJOGZ4+nkrEr+94Rsi+xRB7jFSFv6MBlBg==",
      "engines": {
        "node": ">=0.6"
      }
    },
    "node_modules/round-to": {
      "version": "5.0.0",
      "resolved": "https://registry.npmjs.org/round-to/-/round-to-5.0.0.tgz",
      "integrity": "sha512-i4+Ntwmo5kY7UWWFSDEVN3RjT2PX1FqkZ9iCcAO3sKML3Ady9NgsjM/HLdYKUAnrxK4IlSvXzpBMDvMHZQALRQ==",
      "engines": {
        "node": ">=10"
      },
      "funding": {
        "url": "https://github.com/sponsors/sindresorhus"
      }
    },
    "node_modules/wc3maptranslator": {
      "version": "4.0.4",
      "resolved": "https://registry.npmjs.org/wc3maptranslator/-/wc3maptranslator-4.0.4.tgz",
      "integrity": "sha512-zpdtOzVkeV6VpmHupJSMRMWol9Gg1GpPLnc+BgXRQYp0DT0eYmDfSm3An7IJzF/+s+V5ApdRl9mCpIALy2kHew==",
      "dependencies": {
        "ieee754": "^1.2.1",
        "intn": "^1.0.0",
        "round-to": "^5.0.0"
      },
      "engines": {
        "node": ">=14",
        "npm": ">=7",
        "tsc": ">3"
      }
    }
  },
  "dependencies": {
    "ieee754": {
      "version": "1.2.1",
      "resolved": "https://registry.npmjs.org/ieee754/-/ieee754-1.2.1.tgz",
      "integrity": "sha512-dcyqhDvX1C46lXZcVqCpK+FtMRQVdIMN6/Df5js2zouUsqG7I6sFxitIC+7KYK29KdXOLHdu9zL4sFnoVQnqaA=="
    },
    "intn": {
      "version": "1.0.0",
      "resolved": "https://registry.npmjs.org/intn/-/intn-1.0.0.tgz",
      "integrity": "sha512-WgMxnQbXgOPWOiziVOhfw6TWy0EgplCszIzhZoRwGhegkZNTaG9LOJOGZ4+nkrEr+94Rsi+xRB7jFSFv6MBlBg=="
    },
    "round-to": {
      "version": "5.0.0",
      "resolved": "https://registry.npmjs.org/round-to/-/round-to-5.0.0.tgz",
      "integrity": "sha512-i4+Ntwmo5kY7UWWFSDEVN3RjT2PX1FqkZ9iCcAO3sKML3Ady9NgsjM/HLdYKUAnrxK4IlSvXzpBMDvMHZQALRQ=="
    },
    "wc3maptranslator": {
      "version": "4.0.4",
      "resolved": "https://registry.npmjs.org/wc3maptranslator/-/wc3maptranslator-4.0.4.tgz",
      "integrity": "sha512-zpdtOzVkeV6VpmHupJSMRMWol9Gg1GpPLnc+BgXRQYp0DT0eYmDfSm3An7IJzF/+s+V5ApdRl9mCpIALy2kHew==",
      "requires": {
        "ieee754": "^1.2.1",
        "intn": "^1.0.0",
        "round-to": "^5.0.0"
      }
    }
  }
}
