{
  "requires": true,
  "lockfileVersion": 1,
  "dependencies": {
    "antlr4": {
      "version": "4.7.2",
      "resolved": "https://registry.npmjs.org/antlr4/-/antlr4-4.7.2.tgz",
      "integrity": "sha512-vZA1xYufXLe3LX+ja9rIVxjRmILb1x3k7KYZHltRbfJtXjJ1DlFIqt+CbPYmghx0EuzY9DajiDw+MdyEt1qAsQ=="
    },
    "ieee754": {
      "version": "1.1.12",
      "resolved": "https://registry.npmjs.org/ieee754/-/ieee754-1.1.12.tgz",
      "integrity": "sha512-GguP+DRY+pJ3soyIiGPTvdiVXjZ+DbXOxGpXn3eMvNW4x4irjqXm4wHKscC+TfxSJ0yw/S1F24tqdMNsMZTiLA=="
    },
    "intn": {
      "version": "1.0.0",
      "resolved": "https://registry.npmjs.org/intn/-/intn-1.0.0.tgz",
      "integrity": "sha1-vpNxow+fPpHx8sP+872wAuMGdfo="
    },
    "round-to": {
      "version": "3.0.0",
      "resolved": "https://registry.npmjs.org/round-to/-/round-to-3.0.0.tgz",
      "integrity": "sha512-h8xeIC7dRHkY++BGKtXTlO/FifRJdUmW5YObBk/8X9nc/2syNXKN8qUA6OvCgmPdtYlWvDqKZOuxz/CX6dcZNg=="
    },
    "wc3maptranslator": {
      "version": "1.1.0",
      "resolved": "https://registry.npmjs.org/wc3maptranslator/-/wc3maptranslator-1.1.0.tgz",
      "integrity": "sha512-99wL1/Y/5G3DIxgVCt1IJzb/lJqT6GLCtp/3MGlopif7kozAL/FkFUApYJRfXOx39KoRFRvqV+94D1J+y2e+iw==",
      "requires": {
        "ieee754": "^1.1.8",
        "intn": "^1.0.0",
        "round-to": "^3.0.0"
      }
    }
  }
}
